
Microsoft Visual Studio Solution File, Format Version 12.00
# Visual Studio Version 16
VisualStudioVersion = 16.0.31019.35
MinimumVisualStudioVersion = 10.0.40219.1
Project("{FAE04EC0-301F-11D3-BF4B-00C04F79EFBC}") = "Spis_abon", "Spis_abon\Spis_abon.csproj", "{7D51A467-7359-452E-92B4-1C8F160D2009}"
EndProject
Global
	GlobalSection(SolutionConfigurationPlatforms) = preSolution
		Debug|Any CPU = Debug|Any CPU
		Release|Any CPU = Release|Any CPU
	EndGlobalSection
	GlobalSection(ProjectConfigurationPlatforms) = postSolution
		{7D51A467-7359-452E-92B4-1C8F160D2009}.Debug|Any CPU.ActiveCfg = Debug|Any CPU
		{7D51A467-7359-452E-92B4-1C8F160D2009}.Debug|Any CPU.Build.0 = Debug|Any CPU
		{7D51A467-7359-452E-92B4-1C8F160D2009}.Release|Any CPU.ActiveCfg = Release|Any CPU
		{7D51A467-7359-452E-92B4-1C8F160D2009}.Release|Any CPU.Build.0 = Release|Any CPU
	EndGlobalSection
	GlobalSection(SolutionProperties) = preSolution
		HideSolutionNode = FALSE
	EndGlobalSection
	GlobalSection(ExtensibilityGlobals) = postSolution
		SolutionGuid = {B766371A-3093-4A5D-A7A5-B603B24BFB5E}
	EndGlobalSection
EndGlobal
